// !$*UTF8*$!
{
	archiveVersion = 1;
	classes = {
	};
	objectVersion = 46;
	objects = {

/* Begin PBXBuildFile section */
		01CD8B3B1E4D403183B4971B /* CDVFileTransfer.m in Sources */ = {isa = PBXBuildFile; fileRef = B680AC6FFB7F4C61A39B782F /* CDVFileTransfer.m */; };
		0207DA581B56EA530066E2B4 /* Images.xcassets in Resources */ = {isa = PBXBuildFile; fileRef = 0207DA571B56EA530066E2B4 /* Images.xcassets */; };
		0865F651B32447D682444F66 /* CDVAccelerometer.m in Sources */ = {isa = PBXBuildFile; fileRef = AAE9718EE28F4549A1ECAFD6 /* CDVAccelerometer.m */; };
		0AD555A054484B16B0A5B766 /* SQLitePlugin.m in Sources */ = {isa = PBXBuildFile; fileRef = 9C68A76EEA4C468CA59A5AB7 /* SQLitePlugin.m */; };
		1D3623260D0F684500981E51 /* AppDelegate.m in Sources */ = {isa = PBXBuildFile; fileRef = 1D3623250D0F684500981E51 /* AppDelegate.m */; };
		1D60589B0D05DD56006BFB54 /* main.m in Sources */ = {isa = PBXBuildFile; fileRef = 29B97316FDCFA39411CA2CEA /* main.m */; };
		2CC31F7F44174157AFDA8ADA /* CDVFile.m in Sources */ = {isa = PBXBuildFile; fileRef = AABE50F7DD8E45D7BC74219E /* CDVFile.m */; };
		2F9D40EA8AE74C648FE06ACA /* CDVViewController+SplashScreen.m in Sources */ = {isa = PBXBuildFile; fileRef = 773FD14316384C6AAE45F4E0 /* CDVViewController+SplashScreen.m */; };
		301BF552109A68D80062928A /* libCordova.a in Frameworks */ = {isa = PBXBuildFile; fileRef = 301BF535109A57CC0062928A /* libCordova.a */; };
		302D95F114D2391D003F00A1 /* MainViewController.m in Sources */ = {isa = PBXBuildFile; fileRef = 302D95EF14D2391D003F00A1 /* MainViewController.m */; };
		302D95F214D2391D003F00A1 /* MainViewController.xib in Resources */ = {isa = PBXBuildFile; fileRef = 302D95F014D2391D003F00A1 /* MainViewController.xib */; };
		312478DDDFB542D188F74958 /* ImageIO.framework in Frameworks */ = {isa = PBXBuildFile; fileRef = F049E441A6E847179963D0DC /* ImageIO.framework */; settings = {ATTRIBUTES = (Weak, ); }; };
		39FF6D55C5A64CD8A8D2825C /* CDVCapture.m in Sources */ = {isa = PBXBuildFile; fileRef = 30D873E788F140A09A398D94 /* CDVCapture.m */; };
		3C1E0EE3CE654255A1DD5F0D /* CDVContacts.m in Sources */ = {isa = PBXBuildFile; fileRef = 14ED46D9FA184E53B3C36C6C /* CDVContacts.m */; };
		47D1D4F228A4425B85C54CA0 /* CoreMotion.framework in Frameworks */ = {isa = PBXBuildFile; fileRef = 005CE9DDA55E4BAABF0D152A /* CoreMotion.framework */; };
		4F530B91C028431F8D97F1B6 /* AddressBook.framework in Frameworks */ = {isa = PBXBuildFile; fileRef = EEF860A219754677831A5114 /* AddressBook.framework */; settings = {ATTRIBUTES = (Weak, ); }; };
		5876799BC2534054A58D7D89 /* CDVGlobalization.m in Sources */ = {isa = PBXBuildFile; fileRef = F9597F269EB1468B8D1F542C /* CDVGlobalization.m */; };
		63893A2780A942CFBD5CA10D /* CDVSplashScreen.m in Sources */ = {isa = PBXBuildFile; fileRef = F6338A5BA27E4A7182EF8F31 /* CDVSplashScreen.m */; };
		6AFF5BF91D6E424B00AB3073 /* CDVLaunchScreen.storyboard in Resources */ = {isa = PBXBuildFile; fileRef = 6AFF5BF81D6E424B00AB3073 /* CDVLaunchScreen.storyboard */; };
		6E51EC01EA3147B4BDE1C18F /* CDVNotification.m in Sources */ = {isa = PBXBuildFile; fileRef = 88FC751045F149F8976B6ED5 /* CDVNotification.m */; };
		7DA098E20FBF4D688F36084A /* CDVLocalFilesystem.m in Sources */ = {isa = PBXBuildFile; fileRef = DC22987CC29046F199C7FA12 /* CDVLocalFilesystem.m */; };
		8D966EC18AA041D3B6B3A02D /* CDVInAppBrowser.m in Sources */ = {isa = PBXBuildFile; fileRef = BE10F5A53EF449588BFFF5F2 /* CDVInAppBrowser.m */; };
		8F2DBDE3131B4011B0AF1383 /* CDVVibration.m in Sources */ = {isa = PBXBuildFile; fileRef = 92A6677A562C435EAA9528FB /* CDVVibration.m */; };
		92DADC5261CC451E80ADABB2 /* CDVCamera.m in Sources */ = {isa = PBXBuildFile; fileRef = EF2D5F820A9F496590327B78 /* CDVCamera.m */; };
		99A62112F5944B80BB64EBDC /* CoreLocation.framework in Frameworks */ = {isa = PBXBuildFile; fileRef = 2300A8C04CBB418BAA9D93C4 /* CoreLocation.framework */; };
		9A4A64B1D1974EAFA268C175 /* SystemConfiguration.framework in Frameworks */ = {isa = PBXBuildFile; fileRef = 01A1EC5610F2431DB1300656 /* SystemConfiguration.framework */; settings = {ATTRIBUTES = (Weak, ); }; };
		A6405D04B86748DFBDA1CFC8 /* UIImage+CropScaleOrientation.m in Sources */ = {isa = PBXBuildFile; fileRef = 677E507644904DE7B4BDA342 /* UIImage+CropScaleOrientation.m */; };
		A736BE3D2BB24D5FA6F04D9A /* AddressBookUI.framework in Frameworks */ = {isa = PBXBuildFile; fileRef = D3365867E8D74BF3855B6D01 /* AddressBookUI.framework */; settings = {ATTRIBUTES = (Weak, ); }; };
		A7614295383D4031BB66121D /* CDVSound.m in Sources */ = {isa = PBXBuildFile; fileRef = 1A8C39C183164175B4FF91D4 /* CDVSound.m */; };
		C27F592CD3714122BDD17436 /* CDVCapture.bundle in Resources */ = {isa = PBXBuildFile; fileRef = CFD28F50DAF84ABCB2A07732 /* CDVCapture.bundle */; };
		C2CB413C5BD8460A9221A828 /* CDVDevice.m in Sources */ = {isa = PBXBuildFile; fileRef = 6E9DE5613625460B91B161B9 /* CDVDevice.m */; };
		C6E26E6A7C7A4CCE8E7C7235 /* CoreTelephony.framework in Frameworks */ = {isa = PBXBuildFile; fileRef = B9C51AF4BBEE453EBE002578 /* CoreTelephony.framework */; };
		C8842C48BFDC4019841428BF /* CDVCompass.m in Sources */ = {isa = PBXBuildFile; fileRef = 9592CD3DF08A466FAD3AD697 /* CDVCompass.m */; };
		CB4B129FBE0948D081022D62 /* AVFoundation.framework in Frameworks */ = {isa = PBXBuildFile; fileRef = F26298E477A0437AA752DE7C /* AVFoundation.framework */; };
		D60BB973CCDB43C387466B6B /* sqlite3.c in Sources */ = {isa = PBXBuildFile; fileRef = BFD1E020DF9A41EEB9E585ED /* sqlite3.c */; settings = {COMPILER_FLAGS = "-w -DSQLITE_THREADSAFE=1 -DSQLITE_DEFAULT_SYNCHRONOUS=3 -DSQLITE_DEFAULT_MEMSTATUS=0 -DSQLITE_OMIT_DECLTYPE -DSQLITE_OMIT_DEPRECATED -DSQLITE_OMIT_PROGRESS_CALLBACK -DSQLITE_OMIT_SHARED_CACHE -DSQLITE_TEMP_STORE=2 -DSQLITE_OMIT_LOAD_EXTENSION -DSQLITE_ENABLE_FTS3 -DSQLITE_ENABLE_FTS3_PARENTHESIS -DSQLITE_ENABLE_FTS4 -DSQLITE_ENABLE_RTREE -DSQLITE_DEFAULT_PAGE_SIZE=1024 -DSQLITE_DEFAULT_CACHE_SIZE=2000"; }; };
		D79359B7A391432081A7BAC2 /* CDVNotification.bundle in Resources */ = {isa = PBXBuildFile; fileRef = 67880467E2CF429682F3C8C0 /* CDVNotification.bundle */; };
		D9F14B6CAE2C4287942DCAE8 /* CDVAssetLibraryFilesystem.m in Sources */ = {isa = PBXBuildFile; fileRef = 9DE5A724508B482BA30BDE7A /* CDVAssetLibraryFilesystem.m */; };
		E0B28B6CABC945998B6777A2 /* CDVReachability.m in Sources */ = {isa = PBXBuildFile; fileRef = 2909C689EA03460EAA1228A8 /* CDVReachability.m */; };
		E17095D49F544BD988890573 /* CDVConnection.m in Sources */ = {isa = PBXBuildFile; fileRef = DA0F70EA210A49D3B18B675C /* CDVConnection.m */; };
		E1AFB19552FB46EA93BCD513 /* AudioToolbox.framework in Frameworks */ = {isa = PBXBuildFile; fileRef = ED078E6246734DC6A34D1F0B /* AudioToolbox.framework */; settings = {ATTRIBUTES = (Weak, ); }; };
		E772F4AD90754A4B879BAEF2 /* CDVJpegHeaderWriter.m in Sources */ = {isa = PBXBuildFile; fileRef = 88CCE142387D4D229FFD03B9 /* CDVJpegHeaderWriter.m */; };
		E8DB040B6AA34B0FB2505FE5 /* CDVContact.m in Sources */ = {isa = PBXBuildFile; fileRef = 1FC9738597D0469C8A961816 /* CDVContact.m */; };
		EE142218724A4FC88BB26BFA /* PSPDFThreadSafeMutableDictionary.m in Sources */ = {isa = PBXBuildFile; fileRef = 14D726EDF8984F15A875E90F /* PSPDFThreadSafeMutableDictionary.m */; settings = {COMPILER_FLAGS = "-w"; }; };
		FB3D2B0C132A4DB1BD45534A /* CDVLocation.m in Sources */ = {isa = PBXBuildFile; fileRef = 36F4ACD3B7284ED1AA87D9D8 /* CDVLocation.m */; };
/* End PBXBuildFile section */

/* Begin PBXContainerItemProxy section */
		1C04C793212F2E9600A41FEF /* PBXContainerItemProxy */ = {
			isa = PBXContainerItemProxy;
			containerPortal = 301BF52D109A57CC0062928A /* CordovaLib/CordovaLib.xcodeproj */;
			proxyType = 2;
			remoteGlobalIDString = C0C01EB21E3911D50056E6CB;
			remoteInfo = Cordova;
		};
		301BF534109A57CC0062928A /* PBXContainerItemProxy */ = {
			isa = PBXContainerItemProxy;
			containerPortal = 301BF52D109A57CC0062928A /* CordovaLib/CordovaLib.xcodeproj */;
			proxyType = 2;
			remoteGlobalIDString = D2AAC07E0554694100DB518D;
			remoteInfo = CordovaLib;
		};
		301BF550109A68C00062928A /* PBXContainerItemProxy */ = {
			isa = PBXContainerItemProxy;
			containerPortal = 301BF52D109A57CC0062928A /* CordovaLib/CordovaLib.xcodeproj */;
			proxyType = 1;
			remoteGlobalIDString = D2AAC07D0554694100DB518D;
			remoteInfo = CordovaLib;
		};
/* End PBXContainerItemProxy section */

/* Begin PBXFileReference section */
		005CE9DDA55E4BAABF0D152A /* CoreMotion.framework */ = {isa = PBXFileReference; explicitFileType = undefined; fileEncoding = 9; includeInIndex = 0; lastKnownFileType = wrapper.framework; name = CoreMotion.framework; path = System/Library/Frameworks/CoreMotion.framework; sourceTree = SDKROOT; };
		016A362801074145B41006E7 /* UIImage+CropScaleOrientation.h */ = {isa = PBXFileReference; explicitFileType = undefined; fileEncoding = 4; includeInIndex = 0; lastKnownFileType = sourcecode.c.h; name = "UIImage+CropScaleOrientation.h"; path = "cordova-plugin-camera/UIImage+CropScaleOrientation.h"; sourceTree = "<group>"; };
		01A1EC5610F2431DB1300656 /* SystemConfiguration.framework */ = {isa = PBXFileReference; explicitFileType = undefined; fileEncoding = 9; includeInIndex = 0; lastKnownFileType = wrapper.framework; name = SystemConfiguration.framework; path = System/Library/Frameworks/SystemConfiguration.framework; sourceTree = SDKROOT; };
		0207DA571B56EA530066E2B4 /* Images.xcassets */ = {isa = PBXFileReference; lastKnownFileType = folder.assetcatalog; name = Images.xcassets; path = "iMotopeças/Images.xcassets"; sourceTree = SOURCE_ROOT; };
		08C0F38C0BC44CB8B43CC92F /* CDVFileTransfer.h */ = {isa = PBXFileReference; explicitFileType = undefined; fileEncoding = 4; includeInIndex = 0; lastKnownFileType = sourcecode.c.h; name = CDVFileTransfer.h; path = "cordova-plugin-file-transfer/CDVFileTransfer.h"; sourceTree = "<group>"; };
		0EB8A3D72AE64F5FA60C501E /* CDVCamera.h */ = {isa = PBXFileReference; explicitFileType = undefined; fileEncoding = 4; includeInIndex = 0; lastKnownFileType = sourcecode.c.h; name = CDVCamera.h; path = "cordova-plugin-camera/CDVCamera.h"; sourceTree = "<group>"; };
		1122A2E6B54543A59BC1BA0C /* CDVAssetLibraryFilesystem.h */ = {isa = PBXFileReference; explicitFileType = undefined; fileEncoding = 4; includeInIndex = 0; lastKnownFileType = sourcecode.c.h; name = CDVAssetLibraryFilesystem.h; path = "cordova-plugin-file/CDVAssetLibraryFilesystem.h"; sourceTree = "<group>"; };
		14D726EDF8984F15A875E90F /* PSPDFThreadSafeMutableDictionary.m */ = {isa = PBXFileReference; explicitFileType = undefined; fileEncoding = 4; includeInIndex = 0; lastKnownFileType = sourcecode.c.objc; name = PSPDFThreadSafeMutableDictionary.m; path = "cordova-sqlite-storage/PSPDFThreadSafeMutableDictionary.m"; sourceTree = "<group>"; };
		14ED46D9FA184E53B3C36C6C /* CDVContacts.m */ = {isa = PBXFileReference; explicitFileType = undefined; fileEncoding = 4; includeInIndex = 0; lastKnownFileType = sourcecode.c.objc; name = CDVContacts.m; path = "cordova-plugin-contacts/CDVContacts.m"; sourceTree = "<group>"; };
		1A8C39C183164175B4FF91D4 /* CDVSound.m */ = {isa = PBXFileReference; explicitFileType = undefined; fileEncoding = 4; includeInIndex = 0; lastKnownFileType = sourcecode.c.objc; name = CDVSound.m; path = "cordova-plugin-media/CDVSound.m"; sourceTree = "<group>"; };
		1C36842107EC42D899CD8FBB /* CDVJpegHeaderWriter.h */ = {isa = PBXFileReference; explicitFileType = undefined; fileEncoding = 4; includeInIndex = 0; lastKnownFileType = sourcecode.c.h; name = CDVJpegHeaderWriter.h; path = "cordova-plugin-camera/CDVJpegHeaderWriter.h"; sourceTree = "<group>"; };
		1D3623240D0F684500981E51 /* AppDelegate.h */ = {isa = PBXFileReference; fileEncoding = 4; lastKnownFileType = sourcecode.c.h; path = AppDelegate.h; sourceTree = "<group>"; };
		1D3623250D0F684500981E51 /* AppDelegate.m */ = {isa = PBXFileReference; fileEncoding = 4; lastKnownFileType = sourcecode.c.objc; path = AppDelegate.m; sourceTree = "<group>"; };
		1D6058910D05DD3D006BFB54 /* iMotopeças.app */ = {isa = PBXFileReference; explicitFileType = wrapper.application; includeInIndex = 0; path = "iMotopeças.app"; sourceTree = BUILT_PRODUCTS_DIR; };
		1FC9738597D0469C8A961816 /* CDVContact.m */ = {isa = PBXFileReference; explicitFileType = undefined; fileEncoding = 4; includeInIndex = 0; lastKnownFileType = sourcecode.c.objc; name = CDVContact.m; path = "cordova-plugin-contacts/CDVContact.m"; sourceTree = "<group>"; };
		2300A8C04CBB418BAA9D93C4 /* CoreLocation.framework */ = {isa = PBXFileReference; explicitFileType = undefined; fileEncoding = 9; includeInIndex = 0; lastKnownFileType = wrapper.framework; name = CoreLocation.framework; path = System/Library/Frameworks/CoreLocation.framework; sourceTree = SDKROOT; };
		252853A948A1493DB51BBCA9 /* CDVVibration.h */ = {isa = PBXFileReference; explicitFileType = undefined; fileEncoding = 4; includeInIndex = 0; lastKnownFileType = sourcecode.c.h; name = CDVVibration.h; path = "cordova-plugin-vibration/CDVVibration.h"; sourceTree = "<group>"; };
		27569AE9CCD146778DE50570 /* CDVCapture.h */ = {isa = PBXFileReference; explicitFileType = undefined; fileEncoding = 4; includeInIndex = 0; lastKnownFileType = sourcecode.c.h; name = CDVCapture.h; path = "cordova-plugin-media-capture/CDVCapture.h"; sourceTree = "<group>"; };
		2909C689EA03460EAA1228A8 /* CDVReachability.m */ = {isa = PBXFileReference; explicitFileType = undefined; fileEncoding = 4; includeInIndex = 0; lastKnownFileType = sourcecode.c.objc; name = CDVReachability.m; path = "cordova-plugin-network-information/CDVReachability.m"; sourceTree = "<group>"; };
		29B97316FDCFA39411CA2CEA /* main.m */ = {isa = PBXFileReference; fileEncoding = 4; lastKnownFileType = sourcecode.c.objc; path = main.m; sourceTree = "<group>"; };
		301BF52D109A57CC0062928A /* CordovaLib/CordovaLib.xcodeproj */ = {isa = PBXFileReference; lastKnownFileType = "wrapper.pb-project"; path = CordovaLib/CordovaLib.xcodeproj; sourceTree = "<group>"; };
		301BF56E109A69640062928A /* www */ = {isa = PBXFileReference; lastKnownFileType = folder; path = www; sourceTree = SOURCE_ROOT; };
		302D95EE14D2391D003F00A1 /* MainViewController.h */ = {isa = PBXFileReference; fileEncoding = 4; lastKnownFileType = sourcecode.c.h; path = MainViewController.h; sourceTree = "<group>"; };
		302D95EF14D2391D003F00A1 /* MainViewController.m */ = {isa = PBXFileReference; fileEncoding = 4; lastKnownFileType = sourcecode.c.objc; path = MainViewController.m; sourceTree = "<group>"; };
		302D95F014D2391D003F00A1 /* MainViewController.xib */ = {isa = PBXFileReference; fileEncoding = 4; lastKnownFileType = file.xib; path = MainViewController.xib; sourceTree = "<group>"; };
		3047A50F1AB8059700498E2A /* build-debug.xcconfig */ = {isa = PBXFileReference; fileEncoding = 4; lastKnownFileType = text.xcconfig; name = "build-debug.xcconfig"; path = "cordova/build-debug.xcconfig"; sourceTree = SOURCE_ROOT; };
		3047A5101AB8059700498E2A /* build-release.xcconfig */ = {isa = PBXFileReference; fileEncoding = 4; lastKnownFileType = text.xcconfig; name = "build-release.xcconfig"; path = "cordova/build-release.xcconfig"; sourceTree = SOURCE_ROOT; };
		3047A5111AB8059700498E2A /* build.xcconfig */ = {isa = PBXFileReference; fileEncoding = 4; lastKnownFileType = text.xcconfig; name = build.xcconfig; path = cordova/build.xcconfig; sourceTree = SOURCE_ROOT; };
		30D873E788F140A09A398D94 /* CDVCapture.m */ = {isa = PBXFileReference; explicitFileType = undefined; fileEncoding = 4; includeInIndex = 0; lastKnownFileType = sourcecode.c.objc; name = CDVCapture.m; path = "cordova-plugin-media-capture/CDVCapture.m"; sourceTree = "<group>"; };
		32CA4F630368D1EE00C91783 /* iMotopeças-Prefix.pch */ = {isa = PBXFileReference; fileEncoding = 4; lastKnownFileType = sourcecode.c.h; path = "iMotopeças-Prefix.pch"; sourceTree = "<group>"; };
		36F4ACD3B7284ED1AA87D9D8 /* CDVLocation.m */ = {isa = PBXFileReference; explicitFileType = undefined; fileEncoding = 4; includeInIndex = 0; lastKnownFileType = sourcecode.c.objc; name = CDVLocation.m; path = "cordova-plugin-geolocation/CDVLocation.m"; sourceTree = "<group>"; };
		410C73A74B074F96B9967E9A /* CDVCompass.h */ = {isa = PBXFileReference; explicitFileType = undefined; fileEncoding = 4; includeInIndex = 0; lastKnownFileType = sourcecode.c.h; name = CDVCompass.h; path = "cordova-plugin-device-orientation/CDVCompass.h"; sourceTree = "<group>"; };
		51E661E2E5BD4C1A98C9F38D /* CDVSound.h */ = {isa = PBXFileReference; explicitFileType = undefined; fileEncoding = 4; includeInIndex = 0; lastKnownFileType = sourcecode.c.h; name = CDVSound.h; path = "cordova-plugin-media/CDVSound.h"; sourceTree = "<group>"; };
		642DD5CDFFC24A068305D26D /* SQLitePlugin.h */ = {isa = PBXFileReference; explicitFileType = undefined; fileEncoding = 4; includeInIndex = 0; lastKnownFileType = sourcecode.c.h; name = SQLitePlugin.h; path = "cordova-sqlite-storage/SQLitePlugin.h"; sourceTree = "<group>"; };
		677E507644904DE7B4BDA342 /* UIImage+CropScaleOrientation.m */ = {isa = PBXFileReference; explicitFileType = undefined; fileEncoding = 4; includeInIndex = 0; lastKnownFileType = sourcecode.c.objc; name = "UIImage+CropScaleOrientation.m"; path = "cordova-plugin-camera/UIImage+CropScaleOrientation.m"; sourceTree = "<group>"; };
		67880467E2CF429682F3C8C0 /* CDVNotification.bundle */ = {isa = PBXFileReference; explicitFileType = undefined; fileEncoding = 9; includeInIndex = 0; lastKnownFileType = "wrapper.plug-in"; path = CDVNotification.bundle; sourceTree = "<group>"; };
		693B06F06E884A0B98BE124F /* CDVNotification.h */ = {isa = PBXFileReference; explicitFileType = undefined; fileEncoding = 4; includeInIndex = 0; lastKnownFileType = sourcecode.c.h; name = CDVNotification.h; path = "cordova-plugin-dialogs/CDVNotification.h"; sourceTree = "<group>"; };
		6AFF5BF81D6E424B00AB3073 /* CDVLaunchScreen.storyboard */ = {isa = PBXFileReference; fileEncoding = 4; lastKnownFileType = file.storyboard; name = CDVLaunchScreen.storyboard; path = "iMotopeças/CDVLaunchScreen.storyboard"; sourceTree = SOURCE_ROOT; };
		6E9DE5613625460B91B161B9 /* CDVDevice.m */ = {isa = PBXFileReference; explicitFileType = undefined; fileEncoding = 4; includeInIndex = 0; lastKnownFileType = sourcecode.c.objc; name = CDVDevice.m; path = "cordova-plugin-device/CDVDevice.m"; sourceTree = "<group>"; };
		707FC2C789434173AC73FC7B /* CDVViewController+SplashScreen.h */ = {isa = PBXFileReference; explicitFileType = undefined; fileEncoding = 4; includeInIndex = 0; lastKnownFileType = sourcecode.c.h; name = "CDVViewController+SplashScreen.h"; path = "cordova-plugin-splashscreen/CDVViewController+SplashScreen.h"; sourceTree = "<group>"; };
		773FD14316384C6AAE45F4E0 /* CDVViewController+SplashScreen.m */ = {isa = PBXFileReference; explicitFileType = undefined; fileEncoding = 4; includeInIndex = 0; lastKnownFileType = sourcecode.c.objc; name = "CDVViewController+SplashScreen.m"; path = "cordova-plugin-splashscreen/CDVViewController+SplashScreen.m"; sourceTree = "<group>"; };
		7B6D45F9C2264B89ADA55190 /* sqlite3.h */ = {isa = PBXFileReference; explicitFileType = undefined; fileEncoding = 4; includeInIndex = 0; lastKnownFileType = sourcecode.c.h; name = sqlite3.h; path = "cordova-sqlite-storage/sqlite3.h"; sourceTree = "<group>"; };
		82C8C4A1B0564235B39AF966 /* CDVConnection.h */ = {isa = PBXFileReference; explicitFileType = undefined; fileEncoding = 4; includeInIndex = 0; lastKnownFileType = sourcecode.c.h; name = CDVConnection.h; path = "cordova-plugin-network-information/CDVConnection.h"; sourceTree = "<group>"; };
		8752CEBE681B44BCBFEB617D /* CDVContact.h */ = {isa = PBXFileReference; explicitFileType = undefined; fileEncoding = 4; includeInIndex = 0; lastKnownFileType = sourcecode.c.h; name = CDVContact.h; path = "cordova-plugin-contacts/CDVContact.h"; sourceTree = "<group>"; };
		88CCE142387D4D229FFD03B9 /* CDVJpegHeaderWriter.m */ = {isa = PBXFileReference; explicitFileType = undefined; fileEncoding = 4; includeInIndex = 0; lastKnownFileType = sourcecode.c.objc; name = CDVJpegHeaderWriter.m; path = "cordova-plugin-camera/CDVJpegHeaderWriter.m"; sourceTree = "<group>"; };
		88FC751045F149F8976B6ED5 /* CDVNotification.m */ = {isa = PBXFileReference; explicitFileType = undefined; fileEncoding = 4; includeInIndex = 0; lastKnownFileType = sourcecode.c.objc; name = CDVNotification.m; path = "cordova-plugin-dialogs/CDVNotification.m"; sourceTree = "<group>"; };
		8D1107310486CEB800E47090 /* iMotopeças-Info.plist */ = {isa = PBXFileReference; fileEncoding = 4; lastKnownFileType = text.plist.xml; name = "iMotopeças-Info.plist"; path = "iMotopeças/iMotopeças-Info.plist"; plistStructureDefinitionIdentifier = "com.apple.xcode.plist.structure-definition.iphone.info-plist"; sourceTree = SOURCE_ROOT; };
		900FBBD1D73A4CD5B37FBB0D /* CDVAccelerometer.h */ = {isa = PBXFileReference; explicitFileType = undefined; fileEncoding = 4; includeInIndex = 0; lastKnownFileType = sourcecode.c.h; name = CDVAccelerometer.h; path = "cordova-plugin-device-motion/CDVAccelerometer.h"; sourceTree = "<group>"; };
		92A6677A562C435EAA9528FB /* CDVVibration.m */ = {isa = PBXFileReference; explicitFileType = undefined; fileEncoding = 4; includeInIndex = 0; lastKnownFileType = sourcecode.c.objc; name = CDVVibration.m; path = "cordova-plugin-vibration/CDVVibration.m"; sourceTree = "<group>"; };
		92C41F04A3F64AFB9D04B380 /* CDVLocation.h */ = {isa = PBXFileReference; explicitFileType = undefined; fileEncoding = 4; includeInIndex = 0; lastKnownFileType = sourcecode.c.h; name = CDVLocation.h; path = "cordova-plugin-geolocation/CDVLocation.h"; sourceTree = "<group>"; };
		940D3FC788E04B3A92DECEE3 /* CDVSplashScreen.h */ = {isa = PBXFileReference; explicitFileType = undefined; fileEncoding = 4; includeInIndex = 0; lastKnownFileType = sourcecode.c.h; name = CDVSplashScreen.h; path = "cordova-plugin-splashscreen/CDVSplashScreen.h"; sourceTree = "<group>"; };
		9592CD3DF08A466FAD3AD697 /* CDVCompass.m */ = {isa = PBXFileReference; explicitFileType = undefined; fileEncoding = 4; includeInIndex = 0; lastKnownFileType = sourcecode.c.objc; name = CDVCompass.m; path = "cordova-plugin-device-orientation/CDVCompass.m"; sourceTree = "<group>"; };
		9C68A76EEA4C468CA59A5AB7 /* SQLitePlugin.m */ = {isa = PBXFileReference; explicitFileType = undefined; fileEncoding = 4; includeInIndex = 0; lastKnownFileType = sourcecode.c.objc; name = SQLitePlugin.m; path = "cordova-sqlite-storage/SQLitePlugin.m"; sourceTree = "<group>"; };
		9DE5A724508B482BA30BDE7A /* CDVAssetLibraryFilesystem.m */ = {isa = PBXFileReference; explicitFileType = undefined; fileEncoding = 4; includeInIndex = 0; lastKnownFileType = sourcecode.c.objc; name = CDVAssetLibraryFilesystem.m; path = "cordova-plugin-file/CDVAssetLibraryFilesystem.m"; sourceTree = "<group>"; };
		AABE50F7DD8E45D7BC74219E /* CDVFile.m */ = {isa = PBXFileReference; explicitFileType = undefined; fileEncoding = 4; includeInIndex = 0; lastKnownFileType = sourcecode.c.objc; name = CDVFile.m; path = "cordova-plugin-file/CDVFile.m"; sourceTree = "<group>"; };
		AAE9718EE28F4549A1ECAFD6 /* CDVAccelerometer.m */ = {isa = PBXFileReference; explicitFileType = undefined; fileEncoding = 4; includeInIndex = 0; lastKnownFileType = sourcecode.c.objc; name = CDVAccelerometer.m; path = "cordova-plugin-device-motion/CDVAccelerometer.m"; sourceTree = "<group>"; };
		B680AC6FFB7F4C61A39B782F /* CDVFileTransfer.m */ = {isa = PBXFileReference; explicitFileType = undefined; fileEncoding = 4; includeInIndex = 0; lastKnownFileType = sourcecode.c.objc; name = CDVFileTransfer.m; path = "cordova-plugin-file-transfer/CDVFileTransfer.m"; sourceTree = "<group>"; };
		B821223C68B449C59D657A5C /* CDVFile.h */ = {isa = PBXFileReference; explicitFileType = undefined; fileEncoding = 4; includeInIndex = 0; lastKnownFileType = sourcecode.c.h; name = CDVFile.h; path = "cordova-plugin-file/CDVFile.h"; sourceTree = "<group>"; };
		B9C51AF4BBEE453EBE002578 /* CoreTelephony.framework */ = {isa = PBXFileReference; explicitFileType = undefined; fileEncoding = 9; includeInIndex = 0; lastKnownFileType = wrapper.framework; name = CoreTelephony.framework; path = System/Library/Frameworks/CoreTelephony.framework; sourceTree = SDKROOT; };
		BE10F5A53EF449588BFFF5F2 /* CDVInAppBrowser.m */ = {isa = PBXFileReference; explicitFileType = undefined; fileEncoding = 4; includeInIndex = 0; lastKnownFileType = sourcecode.c.objc; name = CDVInAppBrowser.m; path = "cordova-plugin-inappbrowser/CDVInAppBrowser.m"; sourceTree = "<group>"; };
		BFD1E020DF9A41EEB9E585ED /* sqlite3.c */ = {isa = PBXFileReference; explicitFileType = undefined; fileEncoding = 9; includeInIndex = 0; lastKnownFileType = unknown; name = sqlite3.c; path = "cordova-sqlite-storage/sqlite3.c"; sourceTree = "<group>"; };
		BFD3046997F141BDB893E44B /* CDVDevice.h */ = {isa = PBXFileReference; explicitFileType = undefined; fileEncoding = 4; includeInIndex = 0; lastKnownFileType = sourcecode.c.h; name = CDVDevice.h; path = "cordova-plugin-device/CDVDevice.h"; sourceTree = "<group>"; };
		C935C4FE2564498A86F406A2 /* CDVReachability.h */ = {isa = PBXFileReference; explicitFileType = undefined; fileEncoding = 4; includeInIndex = 0; lastKnownFileType = sourcecode.c.h; name = CDVReachability.h; path = "cordova-plugin-network-information/CDVReachability.h"; sourceTree = "<group>"; };
		CB4791A945714A8D9DE99AA5 /* CDVExif.h */ = {isa = PBXFileReference; explicitFileType = undefined; fileEncoding = 4; includeInIndex = 0; lastKnownFileType = sourcecode.c.h; name = CDVExif.h; path = "cordova-plugin-camera/CDVExif.h"; sourceTree = "<group>"; };
		CB58104538274336905D3C54 /* CDVInAppBrowser.h */ = {isa = PBXFileReference; explicitFileType = undefined; fileEncoding = 4; includeInIndex = 0; lastKnownFileType = sourcecode.c.h; name = CDVInAppBrowser.h; path = "cordova-plugin-inappbrowser/CDVInAppBrowser.h"; sourceTree = "<group>"; };
		CD5CF01E1D114FF896686B4F /* CDVContacts.h */ = {isa = PBXFileReference; explicitFileType = undefined; fileEncoding = 4; includeInIndex = 0; lastKnownFileType = sourcecode.c.h; name = CDVContacts.h; path = "cordova-plugin-contacts/CDVContacts.h"; sourceTree = "<group>"; };
		CFD28F50DAF84ABCB2A07732 /* CDVCapture.bundle */ = {isa = PBXFileReference; explicitFileType = undefined; fileEncoding = 9; includeInIndex = 0; lastKnownFileType = "wrapper.plug-in"; path = CDVCapture.bundle; sourceTree = "<group>"; };
		D3365867E8D74BF3855B6D01 /* AddressBookUI.framework */ = {isa = PBXFileReference; explicitFileType = undefined; fileEncoding = 9; includeInIndex = 0; lastKnownFileType = wrapper.framework; name = AddressBookUI.framework; path = System/Library/Frameworks/AddressBookUI.framework; sourceTree = SDKROOT; };
		DA0F70EA210A49D3B18B675C /* CDVConnection.m */ = {isa = PBXFileReference; explicitFileType = undefined; fileEncoding = 4; includeInIndex = 0; lastKnownFileType = sourcecode.c.objc; name = CDVConnection.m; path = "cordova-plugin-network-information/CDVConnection.m"; sourceTree = "<group>"; };
		DA158E2AC908465581EA0CF8 /* PSPDFThreadSafeMutableDictionary.h */ = {isa = PBXFileReference; explicitFileType = undefined; fileEncoding = 4; includeInIndex = 0; lastKnownFileType = sourcecode.c.h; name = PSPDFThreadSafeMutableDictionary.h; path = "cordova-sqlite-storage/PSPDFThreadSafeMutableDictionary.h"; sourceTree = "<group>"; };
		DC22987CC29046F199C7FA12 /* CDVLocalFilesystem.m */ = {isa = PBXFileReference; explicitFileType = undefined; fileEncoding = 4; includeInIndex = 0; lastKnownFileType = sourcecode.c.objc; name = CDVLocalFilesystem.m; path = "cordova-plugin-file/CDVLocalFilesystem.m"; sourceTree = "<group>"; };
		E9CCC32533DD441BA0FE35D8 /* CDVGlobalization.h */ = {isa = PBXFileReference; explicitFileType = undefined; fileEncoding = 4; includeInIndex = 0; lastKnownFileType = sourcecode.c.h; name = CDVGlobalization.h; path = "cordova-plugin-globalization/CDVGlobalization.h"; sourceTree = "<group>"; };
		EB87FDF31871DA8E0020F90C /* www */ = {isa = PBXFileReference; lastKnownFileType = folder; name = www; path = ../../www; sourceTree = "<group>"; };
		EB87FDF41871DAF40020F90C /* config.xml */ = {isa = PBXFileReference; lastKnownFileType = text.xml; name = config.xml; path = ../../config.xml; sourceTree = "<group>"; };
		ED078E6246734DC6A34D1F0B /* AudioToolbox.framework */ = {isa = PBXFileReference; explicitFileType = undefined; fileEncoding = 9; includeInIndex = 0; lastKnownFileType = wrapper.framework; name = AudioToolbox.framework; path = System/Library/Frameworks/AudioToolbox.framework; sourceTree = SDKROOT; };
		ED33DF2A687741AEAF9F8254 /* Bridging-Header.h */ = {isa = PBXFileReference; fileEncoding = 4; lastKnownFileType = sourcecode.c.h; path = "Bridging-Header.h"; sourceTree = "<group>"; };
		EEF860A219754677831A5114 /* AddressBook.framework */ = {isa = PBXFileReference; explicitFileType = undefined; fileEncoding = 9; includeInIndex = 0; lastKnownFileType = wrapper.framework; name = AddressBook.framework; path = System/Library/Frameworks/AddressBook.framework; sourceTree = SDKROOT; };
		EF2D5F820A9F496590327B78 /* CDVCamera.m */ = {isa = PBXFileReference; explicitFileType = undefined; fileEncoding = 4; includeInIndex = 0; lastKnownFileType = sourcecode.c.objc; name = CDVCamera.m; path = "cordova-plugin-camera/CDVCamera.m"; sourceTree = "<group>"; };
		F049E441A6E847179963D0DC /* ImageIO.framework */ = {isa = PBXFileReference; explicitFileType = undefined; fileEncoding = 9; includeInIndex = 0; lastKnownFileType = wrapper.framework; name = ImageIO.framework; path = System/Library/Frameworks/ImageIO.framework; sourceTree = SDKROOT; };
		F26298E477A0437AA752DE7C /* AVFoundation.framework */ = {isa = PBXFileReference; explicitFileType = undefined; fileEncoding = 9; includeInIndex = 0; lastKnownFileType = wrapper.framework; name = AVFoundation.framework; path = System/Library/Frameworks/AVFoundation.framework; sourceTree = SDKROOT; };
		F42D94A3D1924EB78EBA09F9 /* CDVLocalFilesystem.h */ = {isa = PBXFileReference; explicitFileType = undefined; fileEncoding = 4; includeInIndex = 0; lastKnownFileType = sourcecode.c.h; name = CDVLocalFilesystem.h; path = "cordova-plugin-file/CDVLocalFilesystem.h"; sourceTree = "<group>"; };
		F6338A5BA27E4A7182EF8F31 /* CDVSplashScreen.m */ = {isa = PBXFileReference; explicitFileType = undefined; fileEncoding = 4; includeInIndex = 0; lastKnownFileType = sourcecode.c.objc; name = CDVSplashScreen.m; path = "cordova-plugin-splashscreen/CDVSplashScreen.m"; sourceTree = "<group>"; };
		F840E1F0165FE0F500CFE078 /* config.xml */ = {isa = PBXFileReference; lastKnownFileType = text.xml; name = config.xml; path = "iMotopeças/config.xml"; sourceTree = "<group>"; };
		F9597F269EB1468B8D1F542C /* CDVGlobalization.m */ = {isa = PBXFileReference; explicitFileType = undefined; fileEncoding = 4; includeInIndex = 0; lastKnownFileType = sourcecode.c.objc; name = CDVGlobalization.m; path = "cordova-plugin-globalization/CDVGlobalization.m"; sourceTree = "<group>"; };
/* End PBXFileReference section */

/* Begin PBXFrameworksBuildPhase section */
		1D60588F0D05DD3D006BFB54 /* Frameworks */ = {
			isa = PBXFrameworksBuildPhase;
			buildActionMask = 2147483647;
			files = (
				301BF552109A68D80062928A /* libCordova.a in Frameworks */,
				312478DDDFB542D188F74958 /* ImageIO.framework in Frameworks */,
				99A62112F5944B80BB64EBDC /* CoreLocation.framework in Frameworks */,
				CB4B129FBE0948D081022D62 /* AVFoundation.framework in Frameworks */,
				4F530B91C028431F8D97F1B6 /* AddressBook.framework in Frameworks */,
				A736BE3D2BB24D5FA6F04D9A /* AddressBookUI.framework in Frameworks */,
				47D1D4F228A4425B85C54CA0 /* CoreMotion.framework in Frameworks */,
				E1AFB19552FB46EA93BCD513 /* AudioToolbox.framework in Frameworks */,
				9A4A64B1D1974EAFA268C175 /* SystemConfiguration.framework in Frameworks */,
				C6E26E6A7C7A4CCE8E7C7235 /* CoreTelephony.framework in Frameworks */,
			);
			runOnlyForDeploymentPostprocessing = 0;
		};
/* End PBXFrameworksBuildPhase section */

/* Begin PBXGroup section */
		080E96DDFE201D6D7F000001 /* Classes */ = {
			isa = PBXGroup;
			children = (
				302D95EE14D2391D003F00A1 /* MainViewController.h */,
				302D95EF14D2391D003F00A1 /* MainViewController.m */,
				302D95F014D2391D003F00A1 /* MainViewController.xib */,
				1D3623240D0F684500981E51 /* AppDelegate.h */,
				1D3623250D0F684500981E51 /* AppDelegate.m */,
			);
			name = Classes;
			path = "iMotopeças/Classes";
			sourceTree = SOURCE_ROOT;
		};
		19C28FACFE9D520D11CA2CBB /* Products */ = {
			isa = PBXGroup;
			children = (
				1D6058910D05DD3D006BFB54 /* iMotopeças.app */,
			);
			name = Products;
			sourceTree = "<group>";
		};
		29B97314FDCFA39411CA2CEA /* CustomTemplate */ = {
			isa = PBXGroup;
			children = (
				EB87FDF41871DAF40020F90C /* config.xml */,
				EB87FDF31871DA8E0020F90C /* www */,
				EB87FDF11871DA420020F90C /* Staging */,
				301BF52D109A57CC0062928A /* CordovaLib/CordovaLib.xcodeproj */,
				080E96DDFE201D6D7F000001 /* Classes */,
				307C750510C5A3420062BCA9 /* Plugins */,
				29B97315FDCFA39411CA2CEA /* Other Sources */,
				29B97317FDCFA39411CA2CEA /* Resources */,
				29B97323FDCFA39411CA2CEA /* Frameworks */,
				19C28FACFE9D520D11CA2CBB /* Products */,
			);
			name = CustomTemplate;
			sourceTree = "<group>";
		};
		29B97315FDCFA39411CA2CEA /* Other Sources */ = {
			isa = PBXGroup;
			children = (
				32CA4F630368D1EE00C91783 /* iMotopeças-Prefix.pch */,
				29B97316FDCFA39411CA2CEA /* main.m */,
				ED33DF2A687741AEAF9F8254 /* Bridging-Header.h */,
			);
			name = "Other Sources";
			path = "iMotopeças";
			sourceTree = "<group>";
		};
		29B97317FDCFA39411CA2CEA /* Resources */ = {
			isa = PBXGroup;
			children = (
				0207DA571B56EA530066E2B4 /* Images.xcassets */,
				3047A50E1AB8057F00498E2A /* config */,
				8D1107310486CEB800E47090 /* iMotopeças-Info.plist */,
				6AFF5BF81D6E424B00AB3073 /* CDVLaunchScreen.storyboard */,
				67880467E2CF429682F3C8C0 /* CDVNotification.bundle */,
				CFD28F50DAF84ABCB2A07732 /* CDVCapture.bundle */,
			);
			name = Resources;
			path = "iMotopeças/Resources";
			sourceTree = "<group>";
		};
		29B97323FDCFA39411CA2CEA /* Frameworks */ = {
			isa = PBXGroup;
			children = (
				F049E441A6E847179963D0DC /* ImageIO.framework */,
				2300A8C04CBB418BAA9D93C4 /* CoreLocation.framework */,
				F26298E477A0437AA752DE7C /* AVFoundation.framework */,
				EEF860A219754677831A5114 /* AddressBook.framework */,
				D3365867E8D74BF3855B6D01 /* AddressBookUI.framework */,
				005CE9DDA55E4BAABF0D152A /* CoreMotion.framework */,
				ED078E6246734DC6A34D1F0B /* AudioToolbox.framework */,
				01A1EC5610F2431DB1300656 /* SystemConfiguration.framework */,
				B9C51AF4BBEE453EBE002578 /* CoreTelephony.framework */,
			);
			name = Frameworks;
			sourceTree = "<group>";
		};
		301BF52E109A57CC0062928A /* Products */ = {
			isa = PBXGroup;
			children = (
				301BF535109A57CC0062928A /* libCordova.a */,
				1C04C794212F2E9600A41FEF /* Cordova.framework */,
			);
			name = Products;
			sourceTree = "<group>";
		};
		3047A50E1AB8057F00498E2A /* config */ = {
			isa = PBXGroup;
			children = (
				3047A50F1AB8059700498E2A /* build-debug.xcconfig */,
				3047A5101AB8059700498E2A /* build-release.xcconfig */,
				3047A5111AB8059700498E2A /* build.xcconfig */,
			);
			name = config;
			sourceTree = "<group>";
		};
		307C750510C5A3420062BCA9 /* Plugins */ = {
			isa = PBXGroup;
			children = (
				677E507644904DE7B4BDA342 /* UIImage+CropScaleOrientation.m */,
				EF2D5F820A9F496590327B78 /* CDVCamera.m */,
				88CCE142387D4D229FFD03B9 /* CDVJpegHeaderWriter.m */,
				016A362801074145B41006E7 /* UIImage+CropScaleOrientation.h */,
				0EB8A3D72AE64F5FA60C501E /* CDVCamera.h */,
				1C36842107EC42D899CD8FBB /* CDVJpegHeaderWriter.h */,
				CB4791A945714A8D9DE99AA5 /* CDVExif.h */,
				14ED46D9FA184E53B3C36C6C /* CDVContacts.m */,
				1FC9738597D0469C8A961816 /* CDVContact.m */,
				CD5CF01E1D114FF896686B4F /* CDVContacts.h */,
				8752CEBE681B44BCBFEB617D /* CDVContact.h */,
				6E9DE5613625460B91B161B9 /* CDVDevice.m */,
				BFD3046997F141BDB893E44B /* CDVDevice.h */,
				AAE9718EE28F4549A1ECAFD6 /* CDVAccelerometer.m */,
				900FBBD1D73A4CD5B37FBB0D /* CDVAccelerometer.h */,
				9592CD3DF08A466FAD3AD697 /* CDVCompass.m */,
				410C73A74B074F96B9967E9A /* CDVCompass.h */,
				88FC751045F149F8976B6ED5 /* CDVNotification.m */,
				693B06F06E884A0B98BE124F /* CDVNotification.h */,
				AABE50F7DD8E45D7BC74219E /* CDVFile.m */,
				DC22987CC29046F199C7FA12 /* CDVLocalFilesystem.m */,
				9DE5A724508B482BA30BDE7A /* CDVAssetLibraryFilesystem.m */,
				B821223C68B449C59D657A5C /* CDVFile.h */,
				F42D94A3D1924EB78EBA09F9 /* CDVLocalFilesystem.h */,
				1122A2E6B54543A59BC1BA0C /* CDVAssetLibraryFilesystem.h */,
				B680AC6FFB7F4C61A39B782F /* CDVFileTransfer.m */,
				08C0F38C0BC44CB8B43CC92F /* CDVFileTransfer.h */,
				36F4ACD3B7284ED1AA87D9D8 /* CDVLocation.m */,
				92C41F04A3F64AFB9D04B380 /* CDVLocation.h */,
				F9597F269EB1468B8D1F542C /* CDVGlobalization.m */,
				E9CCC32533DD441BA0FE35D8 /* CDVGlobalization.h */,
				BE10F5A53EF449588BFFF5F2 /* CDVInAppBrowser.m */,
				CB58104538274336905D3C54 /* CDVInAppBrowser.h */,
				1A8C39C183164175B4FF91D4 /* CDVSound.m */,
				51E661E2E5BD4C1A98C9F38D /* CDVSound.h */,
				30D873E788F140A09A398D94 /* CDVCapture.m */,
				27569AE9CCD146778DE50570 /* CDVCapture.h */,
				DA0F70EA210A49D3B18B675C /* CDVConnection.m */,
				2909C689EA03460EAA1228A8 /* CDVReachability.m */,
				82C8C4A1B0564235B39AF966 /* CDVConnection.h */,
				C935C4FE2564498A86F406A2 /* CDVReachability.h */,
				F6338A5BA27E4A7182EF8F31 /* CDVSplashScreen.m */,
				773FD14316384C6AAE45F4E0 /* CDVViewController+SplashScreen.m */,
				940D3FC788E04B3A92DECEE3 /* CDVSplashScreen.h */,
				707FC2C789434173AC73FC7B /* CDVViewController+SplashScreen.h */,
				92A6677A562C435EAA9528FB /* CDVVibration.m */,
				252853A948A1493DB51BBCA9 /* CDVVibration.h */,
				9C68A76EEA4C468CA59A5AB7 /* SQLitePlugin.m */,
				14D726EDF8984F15A875E90F /* PSPDFThreadSafeMutableDictionary.m */,
				BFD1E020DF9A41EEB9E585ED /* sqlite3.c */,
				642DD5CDFFC24A068305D26D /* SQLitePlugin.h */,
				DA158E2AC908465581EA0CF8 /* PSPDFThreadSafeMutableDictionary.h */,
				7B6D45F9C2264B89ADA55190 /* sqlite3.h */,
			);
			name = Plugins;
			path = "iMotopeças/Plugins";
			sourceTree = SOURCE_ROOT;
		};
		EB87FDF11871DA420020F90C /* Staging */ = {
			isa = PBXGroup;
			children = (
				F840E1F0165FE0F500CFE078 /* config.xml */,
				301BF56E109A69640062928A /* www */,
			);
			name = Staging;
			sourceTree = "<group>";
		};
/* End PBXGroup section */

/* Begin PBXNativeTarget section */
		1D6058900D05DD3D006BFB54 /* iMotopeças */ = {
			isa = PBXNativeTarget;
			buildConfigurationList = 1D6058960D05DD3E006BFB54 /* Build configuration list for PBXNativeTarget "iMotopeças" */;
			buildPhases = (
				304B58A110DAC018002A0835 /* Copy www directory */,
				1D60588D0D05DD3D006BFB54 /* Resources */,
				1D60588E0D05DD3D006BFB54 /* Sources */,
				1D60588F0D05DD3D006BFB54 /* Frameworks */,
			);
			buildRules = (
			);
			dependencies = (
				301BF551109A68C00062928A /* PBXTargetDependency */,
			);
			name = "iMotopeças";
			productName = "iMotopeças";
			productReference = 1D6058910D05DD3D006BFB54 /* iMotopeças.app */;
			productType = "com.apple.product-type.application";
		};
/* End PBXNativeTarget section */

/* Begin PBXProject section */
		29B97313FDCFA39411CA2CEA /* Project object */ = {
			isa = PBXProject;
			attributes = {
				LastUpgradeCheck = 940;
				TargetAttributes = {
					1D6058900D05DD3D006BFB54 = {
						DevelopmentTeam = 94872SD3SM;
						ProvisioningStyle = Automatic;
					};
				};
			};
			buildConfigurationList = C01FCF4E08A954540054247B /* Build configuration list for PBXProject "iMotopeças" */;
			compatibilityVersion = "Xcode 3.2";
			developmentRegion = English;
			hasScannedForEncodings = 1;
			knownRegions = (
				en,
			);
			mainGroup = 29B97314FDCFA39411CA2CEA /* CustomTemplate */;
			projectDirPath = "";
			projectReferences = (
				{
					ProductGroup = 301BF52E109A57CC0062928A /* Products */;
					ProjectRef = 301BF52D109A57CC0062928A /* CordovaLib/CordovaLib.xcodeproj */;
				},
			);
			projectRoot = "";
			targets = (
				1D6058900D05DD3D006BFB54 /* iMotopeças */,
			);
		};
/* End PBXProject section */

/* Begin PBXReferenceProxy section */
		1C04C794212F2E9600A41FEF /* Cordova.framework */ = {
			isa = PBXReferenceProxy;
			fileType = wrapper.framework;
			path = Cordova.framework;
			remoteRef = 1C04C793212F2E9600A41FEF /* PBXContainerItemProxy */;
			sourceTree = BUILT_PRODUCTS_DIR;
		};
		301BF535109A57CC0062928A /* libCordova.a */ = {
			isa = PBXReferenceProxy;
			fileType = archive.ar;
			path = libCordova.a;
			remoteRef = 301BF534109A57CC0062928A /* PBXContainerItemProxy */;
			sourceTree = BUILT_PRODUCTS_DIR;
		};
/* End PBXReferenceProxy section */

/* Begin PBXResourcesBuildPhase section */
		1D60588D0D05DD3D006BFB54 /* Resources */ = {
			isa = PBXResourcesBuildPhase;
			buildActionMask = 2147483647;
			files = (
				302D95F214D2391D003F00A1 /* MainViewController.xib in Resources */,
				0207DA581B56EA530066E2B4 /* Images.xcassets in Resources */,
				6AFF5BF91D6E424B00AB3073 /* CDVLaunchScreen.storyboard in Resources */,
				D79359B7A391432081A7BAC2 /* CDVNotification.bundle in Resources */,
				C27F592CD3714122BDD17436 /* CDVCapture.bundle in Resources */,
			);
			runOnlyForDeploymentPostprocessing = 0;
		};
/* End PBXResourcesBuildPhase section */

/* Begin PBXShellScriptBuildPhase section */
		304B58A110DAC018002A0835 /* Copy www directory */ = {
			isa = PBXShellScriptBuildPhase;
			buildActionMask = 2147483647;
			files = (
			);
			inputPaths = (
			);
			name = "Copy www directory";
			outputPaths = (
			);
			runOnlyForDeploymentPostprocessing = 0;
			shellPath = /bin/sh;
			shellScript = "NODEJS_PATH=/usr/local/bin; NVM_NODE_PATH=~/.nvm/versions/node/`nvm version 2>/dev/null`/bin; N_NODE_PATH=`find /usr/local/n/versions/node/* -maxdepth 0 -type d 2>/dev/null | tail -1`/bin; XCODE_NODE_PATH=`xcode-select --print-path`/usr/share/xcs/Node/bin; PATH=$NODEJS_PATH:$NVM_NODE_PATH:$N_NODE_PATH:$XCODE_NODE_PATH:$PATH && node cordova/lib/copy-www-build-step.js";
			showEnvVarsInLog = 0;
		};
/* End PBXShellScriptBuildPhase section */

/* Begin PBXSourcesBuildPhase section */
		1D60588E0D05DD3D006BFB54 /* Sources */ = {
			isa = PBXSourcesBuildPhase;
			buildActionMask = 2147483647;
			files = (
				1D60589B0D05DD56006BFB54 /* main.m in Sources */,
				1D3623260D0F684500981E51 /* AppDelegate.m in Sources */,
				302D95F114D2391D003F00A1 /* MainViewController.m in Sources */,
				A6405D04B86748DFBDA1CFC8 /* UIImage+CropScaleOrientation.m in Sources */,
				92DADC5261CC451E80ADABB2 /* CDVCamera.m in Sources */,
				E772F4AD90754A4B879BAEF2 /* CDVJpegHeaderWriter.m in Sources */,
				3C1E0EE3CE654255A1DD5F0D /* CDVContacts.m in Sources */,
				E8DB040B6AA34B0FB2505FE5 /* CDVContact.m in Sources */,
				C2CB413C5BD8460A9221A828 /* CDVDevice.m in Sources */,
				0865F651B32447D682444F66 /* CDVAccelerometer.m in Sources */,
				C8842C48BFDC4019841428BF /* CDVCompass.m in Sources */,
				6E51EC01EA3147B4BDE1C18F /* CDVNotification.m in Sources */,
				2CC31F7F44174157AFDA8ADA /* CDVFile.m in Sources */,
				7DA098E20FBF4D688F36084A /* CDVLocalFilesystem.m in Sources */,
				D9F14B6CAE2C4287942DCAE8 /* CDVAssetLibraryFilesystem.m in Sources */,
				01CD8B3B1E4D403183B4971B /* CDVFileTransfer.m in Sources */,
				FB3D2B0C132A4DB1BD45534A /* CDVLocation.m in Sources */,
				5876799BC2534054A58D7D89 /* CDVGlobalization.m in Sources */,
				8D966EC18AA041D3B6B3A02D /* CDVInAppBrowser.m in Sources */,
				A7614295383D4031BB66121D /* CDVSound.m in Sources */,
				39FF6D55C5A64CD8A8D2825C /* CDVCapture.m in Sources */,
				E17095D49F544BD988890573 /* CDVConnection.m in Sources */,
				E0B28B6CABC945998B6777A2 /* CDVReachability.m in Sources */,
				63893A2780A942CFBD5CA10D /* CDVSplashScreen.m in Sources */,
				2F9D40EA8AE74C648FE06ACA /* CDVViewController+SplashScreen.m in Sources */,
				8F2DBDE3131B4011B0AF1383 /* CDVVibration.m in Sources */,
				0AD555A054484B16B0A5B766 /* SQLitePlugin.m in Sources */,
				EE142218724A4FC88BB26BFA /* PSPDFThreadSafeMutableDictionary.m in Sources */,
				D60BB973CCDB43C387466B6B /* sqlite3.c in Sources */,
			);
			runOnlyForDeploymentPostprocessing = 0;
		};
/* End PBXSourcesBuildPhase section */

/* Begin PBXTargetDependency section */
		301BF551109A68C00062928A /* PBXTargetDependency */ = {
			isa = PBXTargetDependency;
			name = CordovaLib;
			targetProxy = 301BF550109A68C00062928A /* PBXContainerItemProxy */;
		};
/* End PBXTargetDependency section */

/* Begin XCBuildConfiguration section */
		1D6058940D05DD3E006BFB54 /* Debug */ = {
			isa = XCBuildConfiguration;
			baseConfigurationReference = 3047A50F1AB8059700498E2A /* build-debug.xcconfig */;
			buildSettings = {
				ALWAYS_SEARCH_USER_PATHS = NO;
				ASSETCATALOG_COMPILER_APPICON_NAME = AppIcon;
				ASSETCATALOG_COMPILER_LAUNCHIMAGE_NAME = LaunchImage;
				CLANG_ENABLE_MODULES = YES;
				CLANG_ENABLE_OBJC_ARC = YES;
				CODE_SIGN_IDENTITY = "iPhone Developer";
				CODE_SIGN_STYLE = Automatic;
				COPY_PHASE_STRIP = NO;
				DEVELOPMENT_TEAM = 94872SD3SM;
				GCC_DYNAMIC_NO_PIC = NO;
				GCC_OPTIMIZATION_LEVEL = 0;
				GCC_PRECOMPILE_PREFIX_HEADER = YES;
				GCC_PREFIX_HEADER = "iMotopeças/iMotopeças-Prefix.pch";
				GCC_THUMB_SUPPORT = NO;
				GCC_VERSION = "";
				INFOPLIST_FILE = "iMotopeças/iMotopeças-Info.plist";
				IPHONEOS_DEPLOYMENT_TARGET = 9.0;
				LD_RUNPATH_SEARCH_PATHS = "@executable_path/Frameworks";
				PRODUCT_BUNDLE_IDENTIFIER = br.com.imotopecas.store;
				PRODUCT_NAME = "iMotopeças";
				PROVISIONING_PROFILE = "";
				PROVISIONING_PROFILE_SPECIFIER = "";
				TARGETED_DEVICE_FAMILY = "1,2";
			};
			name = Debug;
		};
		1D6058950D05DD3E006BFB54 /* Release */ = {
			isa = XCBuildConfiguration;
			baseConfigurationReference = 3047A5101AB8059700498E2A /* build-release.xcconfig */;
			buildSettings = {
				ALWAYS_SEARCH_USER_PATHS = NO;
				ASSETCATALOG_COMPILER_APPICON_NAME = AppIcon;
				ASSETCATALOG_COMPILER_LAUNCHIMAGE_NAME = LaunchImage;
				CLANG_ENABLE_MODULES = YES;
				CLANG_ENABLE_OBJC_ARC = YES;
				CODE_SIGN_IDENTITY = "iPhone Developer";
				CODE_SIGN_STYLE = Automatic;
				COPY_PHASE_STRIP = YES;
				DEVELOPMENT_TEAM = 94872SD3SM;
				GCC_PRECOMPILE_PREFIX_HEADER = YES;
				GCC_PREFIX_HEADER = "iMotopeças/iMotopeças-Prefix.pch";
				GCC_THUMB_SUPPORT = NO;
				GCC_VERSION = "";
				INFOPLIST_FILE = "iMotopeças/iMotopeças-Info.plist";
				IPHONEOS_DEPLOYMENT_TARGET = 9.0;
				LD_RUNPATH_SEARCH_PATHS = "@executable_path/Frameworks";
				PRODUCT_BUNDLE_IDENTIFIER = br.com.imotopecas.store;
				PRODUCT_NAME = "iMotopeças";
				PROVISIONING_PROFILE = "";
				PROVISIONING_PROFILE_SPECIFIER = "";
				TARGETED_DEVICE_FAMILY = "1,2";
			};
			name = Release;
		};
		C01FCF4F08A954540054247B /* Debug */ = {
			isa = XCBuildConfiguration;
			baseConfigurationReference = 3047A5111AB8059700498E2A /* build.xcconfig */;
			buildSettings = {
				ASSETCATALOG_COMPILER_LAUNCHIMAGE_NAME = LaunchImage;
				CLANG_ENABLE_MODULES = YES;
				CLANG_ENABLE_OBJC_ARC = YES;
				CLANG_WARN_BLOCK_CAPTURE_AUTORELEASING = YES;
				CLANG_WARN_BOOL_CONVERSION = YES;
				CLANG_WARN_COMMA = YES;
				CLANG_WARN_CONSTANT_CONVERSION = YES;
				CLANG_WARN_DEPRECATED_OBJC_IMPLEMENTATIONS = YES;
				CLANG_WARN_EMPTY_BODY = YES;
				CLANG_WARN_ENUM_CONVERSION = YES;
				CLANG_WARN_INFINITE_RECURSION = YES;
				CLANG_WARN_INT_CONVERSION = YES;
				CLANG_WARN_NON_LITERAL_NULL_CONVERSION = YES;
				CLANG_WARN_OBJC_IMPLICIT_RETAIN_SELF = YES;
				CLANG_WARN_OBJC_LITERAL_CONVERSION = YES;
				CLANG_WARN_RANGE_LOOP_ANALYSIS = YES;
				CLANG_WARN_STRICT_PROTOTYPES = YES;
				CLANG_WARN_SUSPICIOUS_MOVE = YES;
				CLANG_WARN_UNREACHABLE_CODE = YES;
				CLANG_WARN__DUPLICATE_METHOD_MATCH = YES;
				ENABLE_STRICT_OBJC_MSGSEND = YES;
				ENABLE_TESTABILITY = YES;
				GCC_C_LANGUAGE_STANDARD = c99;
				GCC_NO_COMMON_BLOCKS = YES;
				GCC_THUMB_SUPPORT = NO;
				GCC_VERSION = "";
				GCC_WARN_64_TO_32_BIT_CONVERSION = YES;
				GCC_WARN_ABOUT_RETURN_TYPE = YES;
				GCC_WARN_UNDECLARED_SELECTOR = YES;
				GCC_WARN_UNINITIALIZED_AUTOS = YES;
				GCC_WARN_UNUSED_FUNCTION = YES;
				GCC_WARN_UNUSED_VARIABLE = YES;
				ONLY_ACTIVE_ARCH = YES;
				SDKROOT = iphoneos;
				SKIP_INSTALL = NO;
			};
			name = Debug;
		};
		C01FCF5008A954540054247B /* Release */ = {
			isa = XCBuildConfiguration;
			baseConfigurationReference = 3047A5111AB8059700498E2A /* build.xcconfig */;
			buildSettings = {
				ASSETCATALOG_COMPILER_LAUNCHIMAGE_NAME = LaunchImage;
				CLANG_ENABLE_MODULES = YES;
				CLANG_ENABLE_OBJC_ARC = YES;
				CLANG_WARN_BLOCK_CAPTURE_AUTORELEASING = YES;
				CLANG_WARN_BOOL_CONVERSION = YES;
				CLANG_WARN_COMMA = YES;
				CLANG_WARN_CONSTANT_CONVERSION = YES;
				CLANG_WARN_DEPRECATED_OBJC_IMPLEMENTATIONS = YES;
				CLANG_WARN_EMPTY_BODY = YES;
				CLANG_WARN_ENUM_CONVERSION = YES;
				CLANG_WARN_INFINITE_RECURSION = YES;
				CLANG_WARN_INT_CONVERSION = YES;
				CLANG_WARN_NON_LITERAL_NULL_CONVERSION = YES;
				CLANG_WARN_OBJC_IMPLICIT_RETAIN_SELF = YES;
				CLANG_WARN_OBJC_LITERAL_CONVERSION = YES;
				CLANG_WARN_RANGE_LOOP_ANALYSIS = YES;
				CLANG_WARN_STRICT_PROTOTYPES = YES;
				CLANG_WARN_SUSPICIOUS_MOVE = YES;
				CLANG_WARN_UNREACHABLE_CODE = YES;
				CLANG_WARN__DUPLICATE_METHOD_MATCH = YES;
				ENABLE_STRICT_OBJC_MSGSEND = YES;
				GCC_C_LANGUAGE_STANDARD = c99;
				GCC_NO_COMMON_BLOCKS = YES;
				GCC_THUMB_SUPPORT = NO;
				GCC_VERSION = "";
				GCC_WARN_64_TO_32_BIT_CONVERSION = YES;
				GCC_WARN_ABOUT_RETURN_TYPE = YES;
				GCC_WARN_UNDECLARED_SELECTOR = YES;
				GCC_WARN_UNINITIALIZED_AUTOS = YES;
				GCC_WARN_UNUSED_FUNCTION = YES;
				GCC_WARN_UNUSED_VARIABLE = YES;
				SDKROOT = iphoneos;
				SKIP_INSTALL = NO;
			};
			name = Release;
		};
/* End XCBuildConfiguration section */

/* Begin XCConfigurationList section */
		1D6058960D05DD3E006BFB54 /* Build configuration list for PBXNativeTarget "iMotopeças" */ = {
			isa = XCConfigurationList;
			buildConfigurations = (
				1D6058940D05DD3E006BFB54 /* Debug */,
				1D6058950D05DD3E006BFB54 /* Release */,
			);
			defaultConfigurationIsVisible = 0;
			defaultConfigurationName = Release;
		};
		C01FCF4E08A954540054247B /* Build configuration list for PBXProject "iMotopeças" */ = {
			isa = XCConfigurationList;
			buildConfigurations = (
				C01FCF4F08A954540054247B /* Debug */,
				C01FCF5008A954540054247B /* Release */,
			);
			defaultConfigurationIsVisible = 0;
			defaultConfigurationName = Release;
		};
/* End XCConfigurationList section */
	};
	rootObject = 29B97313FDCFA39411CA2CEA /* Project object */;
}
